// !$*UTF8*$!
{
	archiveVersion = 1;
	classes = {
	};
	objectVersion = 52;
	objects = {

/* Begin PBXBuildFile section */
		6B05604226DA2F600018E62F /* ErrorResult.swift in Sources */ = {isa = PBXBuildFile; fileRef = 6B05604126DA2F600018E62F /* ErrorResult.swift */; };
		6B05604426DA65650018E62F /* DataService.swift in Sources */ = {isa = PBXBuildFile; fileRef = 6B05604326DA65650018E62F /* DataService.swift */; };
		6B05604A26DA688C0018E62F /* SnapKit in Frameworks */ = {isa = PBXBuildFile; productRef = 6B05604926DA688C0018E62F /* SnapKit */; };
		6B05604B26DA6EEE0018E62F /* ColorAssets.xcassets in Resources */ = {isa = PBXBuildFile; fileRef = 6B05604626DA67860018E62F /* ColorAssets.xcassets */; };
		6B05604C26DA6EF20018E62F /* AppColors.swift in Sources */ = {isa = PBXBuildFile; fileRef = 6B05604726DA67860018E62F /* AppColors.swift */; };
		6B31875126DA2A1F00D27501 /* RootCoordinator.swift in Sources */ = {isa = PBXBuildFile; fileRef = 6B31875026DA2A1F00D27501 /* RootCoordinator.swift */; };
		6B31875526DA2AFF00D27501 /* ListViewController.swift in Sources */ = {isa = PBXBuildFile; fileRef = 6B31875426DA2AFF00D27501 /* ListViewController.swift */; };
		6B31875826DA2B8400D27501 /* ListViewModel.swift in Sources */ = {isa = PBXBuildFile; fileRef = 6B31875726DA2B8400D27501 /* ListViewModel.swift */; };
		6B31875A26DA2BCE00D27501 /* ListView.swift in Sources */ = {isa = PBXBuildFile; fileRef = 6B31875926DA2BCE00D27501 /* ListView.swift */; };
		6BF4FB4526DA28800087D6FD /* AppDelegate.swift in Sources */ = {isa = PBXBuildFile; fileRef = 6BF4FB4426DA28800087D6FD /* AppDelegate.swift */; };
		6BF4FB4726DA28800087D6FD /* SceneDelegate.swift in Sources */ = {isa = PBXBuildFile; fileRef = 6BF4FB4626DA28800087D6FD /* SceneDelegate.swift */; };
		6BF4FB4E26DA28810087D6FD /* Assets.xcassets in Resources */ = {isa = PBXBuildFile; fileRef = 6BF4FB4D26DA28810087D6FD /* Assets.xcassets */; };
		6BF4FB5126DA28810087D6FD /* LaunchScreen.storyboard in Resources */ = {isa = PBXBuildFile; fileRef = 6BF4FB4F26DA28810087D6FD /* LaunchScreen.storyboard */; };
/* End PBXBuildFile section */

/* Begin PBXFileReference section */
		6B05604126DA2F600018E62F /* ErrorResult.swift */ = {isa = PBXFileReference; lastKnownFileType = sourcecode.swift; path = ErrorResult.swift; sourceTree = "<group>"; };
		6B05604326DA65650018E62F /* DataService.swift */ = {isa = PBXFileReference; lastKnownFileType = sourcecode.swift; path = DataService.swift; sourceTree = "<group>"; };
		6B05604626DA67860018E62F /* ColorAssets.xcassets */ = {isa = PBXFileReference; lastKnownFileType = folder.assetcatalog; path = ColorAssets.xcassets; sourceTree = "<group>"; };
		6B05604726DA67860018E62F /* AppColors.swift */ = {isa = PBXFileReference; lastKnownFileType = sourcecode.swift; path = AppColors.swift; sourceTree = "<group>"; };
		6B31875026DA2A1F00D27501 /* RootCoordinator.swift */ = {isa = PBXFileReference; lastKnownFileType = sourcecode.swift; path = RootCoordinator.swift; sourceTree = "<group>"; };
		6B31875426DA2AFF00D27501 /* ListViewController.swift */ = {isa = PBXFileReference; lastKnownFileType = sourcecode.swift; path = ListViewController.swift; sourceTree = "<group>"; };
		6B31875726DA2B8400D27501 /* ListViewModel.swift */ = {isa = PBXFileReference; lastKnownFileType = sourcecode.swift; path = ListViewModel.swift; sourceTree = "<group>"; };
		6B31875926DA2BCE00D27501 /* ListView.swift */ = {isa = PBXFileReference; lastKnownFileType = sourcecode.swift; path = ListView.swift; sourceTree = "<group>"; };
		6BF4FB4126DA28800087D6FD /* KLproject.app */ = {isa = PBXFileReference; explicitFileType = wrapper.application; includeInIndex = 0; path = KLproject.app; sourceTree = BUILT_PRODUCTS_DIR; };
		6BF4FB4426DA28800087D6FD /* AppDelegate.swift */ = {isa = PBXFileReference; lastKnownFileType = sourcecode.swift; path = AppDelegate.swift; sourceTree = "<group>"; };
		6BF4FB4626DA28800087D6FD /* SceneDelegate.swift */ = {isa = PBXFileReference; lastKnownFileType = sourcecode.swift; path = SceneDelegate.swift; sourceTree = "<group>"; };
		6BF4FB4D26DA28810087D6FD /* Assets.xcassets */ = {isa = PBXFileReference; lastKnownFileType = folder.assetcatalog; path = Assets.xcassets; sourceTree = "<group>"; };
		6BF4FB5026DA28810087D6FD /* Base */ = {isa = PBXFileReference; lastKnownFileType = file.storyboard; name = Base; path = Base.lproj/LaunchScreen.storyboard; sourceTree = "<group>"; };
		6BF4FB5226DA28810087D6FD /* Info.plist */ = {isa = PBXFileReference; lastKnownFileType = text.plist.xml; path = Info.plist; sourceTree = "<group>"; };
/* End PBXFileReference section */

/* Begin PBXFrameworksBuildPhase section */
		6BF4FB3E26DA28800087D6FD /* Frameworks */ = {
			isa = PBXFrameworksBuildPhase;
			buildActionMask = 2147483647;
			files = (
				6B05604A26DA688C0018E62F /* SnapKit in Frameworks */,
			);
			runOnlyForDeploymentPostprocessing = 0;
		};
/* End PBXFrameworksBuildPhase section */

/* Begin PBXGroup section */
		6B05604026DA2F4E0018E62F /* Data Service */ = {
			isa = PBXGroup;
			children = (
				6B05604126DA2F600018E62F /* ErrorResult.swift */,
				6B05604326DA65650018E62F /* DataService.swift */,
			);
			path = "Data Service";
			sourceTree = "<group>";
		};
		6B05604526DA67860018E62F /* App Colors */ = {
			isa = PBXGroup;
			children = (
				6B05604626DA67860018E62F /* ColorAssets.xcassets */,
				6B05604726DA67860018E62F /* AppColors.swift */,
			);
			path = "App Colors";
			sourceTree = "<group>";
		};
		6B31874F26DA299700D27501 /* Supporting Files */ = {
			isa = PBXGroup;
			children = (
				6BF4FB5226DA28810087D6FD /* Info.plist */,
				6BF4FB4D26DA28810087D6FD /* Assets.xcassets */,
				6B05604526DA67860018E62F /* App Colors */,
				6BF4FB4F26DA28810087D6FD /* LaunchScreen.storyboard */,
			);
			path = "Supporting Files";
			sourceTree = "<group>";
		};
		6B31875226DA2A9400D27501 /* Modules */ = {
			isa = PBXGroup;
			children = (
				6B31875326DA2AB400D27501 /* List */,
			);
			path = Modules;
			sourceTree = "<group>";
		};
		6B31875326DA2AB400D27501 /* List */ = {
			isa = PBXGroup;
			children = (
				6B31875426DA2AFF00D27501 /* ListViewController.swift */,
				6B31875726DA2B8400D27501 /* ListViewModel.swift */,
				6B31875926DA2BCE00D27501 /* ListView.swift */,
			);
			path = List;
			sourceTree = "<group>";
		};
		6B31875B26DA2C1D00D27501 /* Services */ = {
			isa = PBXGroup;
			children = (
				6B05604026DA2F4E0018E62F /* Data Service */,
			);
			path = Services;
			sourceTree = "<group>";
		};
		6B31875D26DA2C8900D27501 /* Models */ = {
			isa = PBXGroup;
			children = (
			);
			path = Models;
			sourceTree = "<group>";
		};
		6B31875E26DA2CA400D27501 /* Extensions */ = {
			isa = PBXGroup;
			children = (
			);
			path = Extensions;
			sourceTree = "<group>";
		};
		6BF4FB3826DA28800087D6FD = {
			isa = PBXGroup;
			children = (
				6BF4FB4326DA28800087D6FD /* KLproject */,
				6BF4FB4226DA28800087D6FD /* Products */,
			);
			sourceTree = "<group>";
		};
		6BF4FB4226DA28800087D6FD /* Products */ = {
			isa = PBXGroup;
			children = (
				6BF4FB4126DA28800087D6FD /* KLproject.app */,
			);
			name = Products;
			sourceTree = "<group>";
		};
		6BF4FB4326DA28800087D6FD /* KLproject */ = {
			isa = PBXGroup;
			children = (
				6BF4FB4426DA28800087D6FD /* AppDelegate.swift */,
				6BF4FB4626DA28800087D6FD /* SceneDelegate.swift */,
				6B31875026DA2A1F00D27501 /* RootCoordinator.swift */,
				6B31875226DA2A9400D27501 /* Modules */,
				6B31875B26DA2C1D00D27501 /* Services */,
				6B31875D26DA2C8900D27501 /* Models */,
				6B31875E26DA2CA400D27501 /* Extensions */,
				6B31874F26DA299700D27501 /* Supporting Files */,
			);
			path = KLproject;
			sourceTree = "<group>";
		};
/* End PBXGroup section */

/* Begin PBXNativeTarget section */
		6BF4FB4026DA28800087D6FD /* KLproject */ = {
			isa = PBXNativeTarget;
			buildConfigurationList = 6BF4FB5526DA28810087D6FD /* Build configuration list for PBXNativeTarget "KLproject" */;
			buildPhases = (
				6BF4FB3D26DA28800087D6FD /* Sources */,
				6BF4FB3E26DA28800087D6FD /* Frameworks */,
				6BF4FB3F26DA28800087D6FD /* Resources */,
			);
			buildRules = (
			);
			dependencies = (
			);
			name = KLproject;
			packageProductDependencies = (
				6B05604926DA688C0018E62F /* SnapKit */,
			);
			productName = KLproject;
			productReference = 6BF4FB4126DA28800087D6FD /* KLproject.app */;
			productType = "com.apple.product-type.application";
		};
/* End PBXNativeTarget section */

/* Begin PBXProject section */
		6BF4FB3926DA28800087D6FD /* Project object */ = {
			isa = PBXProject;
			attributes = {
				LastSwiftUpdateCheck = 1250;
				LastUpgradeCheck = 1250;
				TargetAttributes = {
					6BF4FB4026DA28800087D6FD = {
						CreatedOnToolsVersion = 12.5.1;
					};
				};
			};
			buildConfigurationList = 6BF4FB3C26DA28800087D6FD /* Build configuration list for PBXProject "KLproject" */;
			compatibilityVersion = "Xcode 9.3";
			developmentRegion = en;
			hasScannedForEncodings = 0;
			knownRegions = (
				en,
				Base,
			);
			mainGroup = 6BF4FB3826DA28800087D6FD;
			packageReferences = (
				6B05604826DA688C0018E62F /* XCRemoteSwiftPackageReference "SnapKit" */,
			);
			productRefGroup = 6BF4FB4226DA28800087D6FD /* Products */;
			projectDirPath = "";
			projectRoot = "";
			targets = (
				6BF4FB4026DA28800087D6FD /* KLproject */,
			);
		};
/* End PBXProject section */

/* Begin PBXResourcesBuildPhase section */
		6BF4FB3F26DA28800087D6FD /* Resources */ = {
			isa = PBXResourcesBuildPhase;
			buildActionMask = 2147483647;
			files = (
				6BF4FB5126DA28810087D6FD /* LaunchScreen.storyboard in Resources */,
				6B05604B26DA6EEE0018E62F /* ColorAssets.xcassets in Resources */,
				6BF4FB4E26DA28810087D6FD /* Assets.xcassets in Resources */,
			);
			runOnlyForDeploymentPostprocessing = 0;
		};
/* End PBXResourcesBuildPhase section */

/* Begin PBXSourcesBuildPhase section */
		6BF4FB3D26DA28800087D6FD /* Sources */ = {
			isa = PBXSourcesBuildPhase;
			buildActionMask = 2147483647;
			files = (
				6B05604C26DA6EF20018E62F /* AppColors.swift in Sources */,
				6B31875826DA2B8400D27501 /* ListViewModel.swift in Sources */,
				6BF4FB4526DA28800087D6FD /* AppDelegate.swift in Sources */,
				6B31875A26DA2BCE00D27501 /* ListView.swift in Sources */,
				6B05604226DA2F600018E62F /* ErrorResult.swift in Sources */,
				6B31875126DA2A1F00D27501 /* RootCoordinator.swift in Sources */,
				6B31875526DA2AFF00D27501 /* ListViewController.swift in Sources */,
				6BF4FB4726DA28800087D6FD /* SceneDelegate.swift in Sources */,
				6B05604426DA65650018E62F /* DataService.swift in Sources */,
			);
			runOnlyForDeploymentPostprocessing = 0;
		};
/* End PBXSourcesBuildPhase section */

/* Begin PBXVariantGroup section */
		6BF4FB4F26DA28810087D6FD /* LaunchScreen.storyboard */ = {
			isa = PBXVariantGroup;
			children = (
				6BF4FB5026DA28810087D6FD /* Base */,
			);
			name = LaunchScreen.storyboard;
			sourceTree = "<group>";
		};
/* End PBXVariantGroup section */

/* Begin XCBuildConfiguration section */
		6BF4FB5326DA28810087D6FD /* Debug */ = {
			isa = XCBuildConfiguration;
			buildSettings = {
				ALWAYS_SEARCH_USER_PATHS = NO;
				CLANG_ANALYZER_NONNULL = YES;
				CLANG_ANALYZER_NUMBER_OBJECT_CONVERSION = YES_AGGRESSIVE;
				CLANG_CXX_LANGUAGE_STANDARD = "gnu++14";
				CLANG_CXX_LIBRARY = "libc++";
				CLANG_ENABLE_MODULES = YES;
				CLANG_ENABLE_OBJC_ARC = YES;
				CLANG_ENABLE_OBJC_WEAK = YES;
				CLANG_WARN_BLOCK_CAPTURE_AUTORELEASING = YES;
				CLANG_WARN_BOOL_CONVERSION = YES;
				CLANG_WARN_COMMA = YES;
				CLANG_WARN_CONSTANT_CONVERSION = YES;
				CLANG_WARN_DEPRECATED_OBJC_IMPLEMENTATIONS = YES;
				CLANG_WARN_DIRECT_OBJC_ISA_USAGE = YES_ERROR;
				CLANG_WARN_DOCUMENTATION_COMMENTS = YES;
				CLANG_WARN_EMPTY_BODY = YES;
				CLANG_WARN_ENUM_CONVERSION = YES;
				CLANG_WARN_INFINITE_RECURSION = YES;
				CLANG_WARN_INT_CONVERSION = YES;
				CLANG_WARN_NON_LITERAL_NULL_CONVERSION = YES;
				CLANG_WARN_OBJC_IMPLICIT_RETAIN_SELF = YES;
				CLANG_WARN_OBJC_LITERAL_CONVERSION = YES;
				CLANG_WARN_OBJC_ROOT_CLASS = YES_ERROR;
				CLANG_WARN_QUOTED_INCLUDE_IN_FRAMEWORK_HEADER = YES;
				CLANG_WARN_RANGE_LOOP_ANALYSIS = YES;
				CLANG_WARN_STRICT_PROTOTYPES = YES;
				CLANG_WARN_SUSPICIOUS_MOVE = YES;
				CLANG_WARN_UNGUARDED_AVAILABILITY = YES_AGGRESSIVE;
				CLANG_WARN_UNREACHABLE_CODE = YES;
				CLANG_WARN__DUPLICATE_METHOD_MATCH = YES;
				COPY_PHASE_STRIP = NO;
				DEBUG_INFORMATION_FORMAT = dwarf;
				ENABLE_STRICT_OBJC_MSGSEND = YES;
				ENABLE_TESTABILITY = YES;
				GCC_C_LANGUAGE_STANDARD = gnu11;
				GCC_DYNAMIC_NO_PIC = NO;
				GCC_NO_COMMON_BLOCKS = YES;
				GCC_OPTIMIZATION_LEVEL = 0;
				GCC_PREPROCESSOR_DEFINITIONS = (
					"DEBUG=1",
					"$(inherited)",
				);
				GCC_WARN_64_TO_32_BIT_CONVERSION = YES;
				GCC_WARN_ABOUT_RETURN_TYPE = YES_ERROR;
				GCC_WARN_UNDECLARED_SELECTOR = YES;
				GCC_WARN_UNINITIALIZED_AUTOS = YES_AGGRESSIVE;
				GCC_WARN_UNUSED_FUNCTION = YES;
				GCC_WARN_UNUSED_VARIABLE = YES;
				IPHONEOS_DEPLOYMENT_TARGET = 14.5;
				MTL_ENABLE_DEBUG_INFO = INCLUDE_SOURCE;
				MTL_FAST_MATH = YES;
				ONLY_ACTIVE_ARCH = YES;
				SDKROOT = iphoneos;
				SWIFT_ACTIVE_COMPILATION_CONDITIONS = DEBUG;
				SWIFT_OPTIMIZATION_LEVEL = "-Onone";
			};
			name = Debug;
		};
		6BF4FB5426DA28810087D6FD /* Release */ = {
			isa = XCBuildConfiguration;
			buildSettings = {
				ALWAYS_SEARCH_USER_PATHS = NO;
				CLANG_ANALYZER_NONNULL = YES;
				CLANG_ANALYZER_NUMBER_OBJECT_CONVERSION = YES_AGGRESSIVE;
				CLANG_CXX_LANGUAGE_STANDARD = "gnu++14";
				CLANG_CXX_LIBRARY = "libc++";
				CLANG_ENABLE_MODULES = YES;
				CLANG_ENABLE_OBJC_ARC = YES;
				CLANG_ENABLE_OBJC_WEAK = YES;
				CLANG_WARN_BLOCK_CAPTURE_AUTORELEASING = YES;
				CLANG_WARN_BOOL_CONVERSION = YES;
				CLANG_WARN_COMMA = YES;
				CLANG_WARN_CONSTANT_CONVERSION = YES;
				CLANG_WARN_DEPRECATED_OBJC_IMPLEMENTATIONS = YES;
				CLANG_WARN_DIRECT_OBJC_ISA_USAGE = YES_ERROR;
				CLANG_WARN_DOCUMENTATION_COMMENTS = YES;
				CLANG_WARN_EMPTY_BODY = YES;
				CLANG_WARN_ENUM_CONVERSION = YES;
				CLANG_WARN_INFINITE_RECURSION = YES;
				CLANG_WARN_INT_CONVERSION = YES;
				CLANG_WARN_NON_LITERAL_NULL_CONVERSION = YES;
				CLANG_WARN_OBJC_IMPLICIT_RETAIN_SELF = YES;
				CLANG_WARN_OBJC_LITERAL_CONVERSION = YES;
				CLANG_WARN_OBJC_ROOT_CLASS = YES_ERROR;
				CLANG_WARN_QUOTED_INCLUDE_IN_FRAMEWORK_HEADER = YES;
				CLANG_WARN_RANGE_LOOP_ANALYSIS = YES;
				CLANG_WARN_STRICT_PROTOTYPES = YES;
				CLANG_WARN_SUSPICIOUS_MOVE = YES;
				CLANG_WARN_UNGUARDED_AVAILABILITY = YES_AGGRESSIVE;
				CLANG_WARN_UNREACHABLE_CODE = YES;
				CLANG_WARN__DUPLICATE_METHOD_MATCH = YES;
				COPY_PHASE_STRIP = NO;
				DEBUG_INFORMATION_FORMAT = "dwarf-with-dsym";
				ENABLE_NS_ASSERTIONS = NO;
				ENABLE_STRICT_OBJC_MSGSEND = YES;
				GCC_C_LANGUAGE_STANDARD = gnu11;
				GCC_NO_COMMON_BLOCKS = YES;
				GCC_WARN_64_TO_32_BIT_CONVERSION = YES;
				GCC_WARN_ABOUT_RETURN_TYPE = YES_ERROR;
				GCC_WARN_UNDECLARED_SELECTOR = YES;
				GCC_WARN_UNINITIALIZED_AUTOS = YES_AGGRESSIVE;
				GCC_WARN_UNUSED_FUNCTION = YES;
				GCC_WARN_UNUSED_VARIABLE = YES;
				IPHONEOS_DEPLOYMENT_TARGET = 14.5;
				MTL_ENABLE_DEBUG_INFO = NO;
				MTL_FAST_MATH = YES;
				SDKROOT = iphoneos;
				SWIFT_COMPILATION_MODE = wholemodule;
				SWIFT_OPTIMIZATION_LEVEL = "-O";
				VALIDATE_PRODUCT = YES;
			};
			name = Release;
		};
		6BF4FB5626DA28810087D6FD /* Debug */ = {
			isa = XCBuildConfiguration;
			buildSettings = {
				ASSETCATALOG_COMPILER_APPICON_NAME = AppIcon;
				ASSETCATALOG_COMPILER_GLOBAL_ACCENT_COLOR_NAME = AccentColor;
				CODE_SIGN_STYLE = Automatic;
				DEVELOPMENT_TEAM = 2UGBQYC9Y9;
				INFOPLIST_FILE = "KLproject/Supporting Files/Info.plist";
				LD_RUNPATH_SEARCH_PATHS = (
					"$(inherited)",
					"@executable_path/Frameworks",
				);
				PRODUCT_BUNDLE_IDENTIFIER = kl.KLproject;
				PRODUCT_NAME = "$(TARGET_NAME)";
				SWIFT_VERSION = 5.0;
				TARGETED_DEVICE_FAMILY = 1;
			};
			name = Debug;
		};
		6BF4FB5726DA28810087D6FD /* Release */ = {
			isa = XCBuildConfiguration;
			buildSettings = {
				ASSETCATALOG_COMPILER_APPICON_NAME = AppIcon;
				ASSETCATALOG_COMPILER_GLOBAL_ACCENT_COLOR_NAME = AccentColor;
				CODE_SIGN_STYLE = Automatic;
				DEVELOPMENT_TEAM = 2UGBQYC9Y9;
				INFOPLIST_FILE = "KLproject/Supporting Files/Info.plist";
				LD_RUNPATH_SEARCH_PATHS = (
					"$(inherited)",
					"@executable_path/Frameworks",
				);
				PRODUCT_BUNDLE_IDENTIFIER = kl.KLproject;
				PRODUCT_NAME = "$(TARGET_NAME)";
				SWIFT_VERSION = 5.0;
				TARGETED_DEVICE_FAMILY = 1;
			};
			name = Release;
		};
/* End XCBuildConfiguration section */

/* Begin XCConfigurationList section */
		6BF4FB3C26DA28800087D6FD /* Build configuration list for PBXProject "KLproject" */ = {
			isa = XCConfigurationList;
			buildConfigurations = (
				6BF4FB5326DA28810087D6FD /* Debug */,
				6BF4FB5426DA28810087D6FD /* Release */,
			);
			defaultConfigurationIsVisible = 0;
			defaultConfigurationName = Release;
		};
		6BF4FB5526DA28810087D6FD /* Build configuration list for PBXNativeTarget "KLproject" */ = {
			isa = XCConfigurationList;
			buildConfigurations = (
				6BF4FB5626DA28810087D6FD /* Debug */,
				6BF4FB5726DA28810087D6FD /* Release */,
			);
			defaultConfigurationIsVisible = 0;
			defaultConfigurationName = Release;
		};
/* End XCConfigurationList section */

/* Begin XCRemoteSwiftPackageReference section */
		6B05604826DA688C0018E62F /* XCRemoteSwiftPackageReference "SnapKit" */ = {
			isa = XCRemoteSwiftPackageReference;
			repositoryURL = "https://github.com/SnapKit/SnapKit.git";
			requirement = {
				kind = upToNextMajorVersion;
				minimumVersion = 5.0.1;
			};
		};
/* End XCRemoteSwiftPackageReference section */

/* Begin XCSwiftPackageProductDependency section */
		6B05604926DA688C0018E62F /* SnapKit */ = {
			isa = XCSwiftPackageProductDependency;
			package = 6B05604826DA688C0018E62F /* XCRemoteSwiftPackageReference "SnapKit" */;
			productName = SnapKit;
		};
/* End XCSwiftPackageProductDependency section */
	};
	rootObject = 6BF4FB3926DA28800087D6FD /* Project object */;
}
